// !$*UTF8*$!
{
	archiveVersion = 1;
	classes = {
	};
	objectVersion = 46;
	objects = {

/* Begin PBXBuildFile section */
		D9C8348F16406A4C00DC3611 /* CalculatorBrain.m in Sources */ = {isa = PBXBuildFile; fileRef = D9C8348E16406A4C00DC3611 /* CalculatorBrain.m */; };
		D9D72F041640452B000BB9BE /* UIKit.framework in Frameworks */ = {isa = PBXBuildFile; fileRef = D9D72F031640452B000BB9BE /* UIKit.framework */; };
		D9D72F061640452B000BB9BE /* Foundation.framework in Frameworks */ = {isa = PBXBuildFile; fileRef = D9D72F051640452B000BB9BE /* Foundation.framework */; };
		D9D72F081640452B000BB9BE /* CoreGraphics.framework in Frameworks */ = {isa = PBXBuildFile; fileRef = D9D72F071640452B000BB9BE /* CoreGraphics.framework */; };
		D9D72F0E1640452B000BB9BE /* InfoPlist.strings in Resources */ = {isa = PBXBuildFile; fileRef = D9D72F0C1640452B000BB9BE /* InfoPlist.strings */; };
		D9D72F101640452B000BB9BE /* main.m in Sources */ = {isa = PBXBuildFile; fileRef = D9D72F0F1640452B000BB9BE /* main.m */; };
		D9D72F141640452B000BB9BE /* CalculatorAppDelegate.m in Sources */ = {isa = PBXBuildFile; fileRef = D9D72F131640452B000BB9BE /* CalculatorAppDelegate.m */; };
		D9D72F171640452B000BB9BE /* MainStoryboard.storyboard in Resources */ = {isa = PBXBuildFile; fileRef = D9D72F151640452B000BB9BE /* MainStoryboard.storyboard */; };
		D9D72F1A1640452B000BB9BE /* CalculatorViewController.m in Sources */ = {isa = PBXBuildFile; fileRef = D9D72F191640452B000BB9BE /* CalculatorViewController.m */; };
/* End PBXBuildFile section */

/* Begin PBXFileReference section */
		D9C8348D16406A4C00DC3611 /* CalculatorBrain.h */ = {isa = PBXFileReference; fileEncoding = 4; lastKnownFileType = sourcecode.c.h; path = CalculatorBrain.h; sourceTree = "<group>"; };
		D9C8348E16406A4C00DC3611 /* CalculatorBrain.m */ = {isa = PBXFileReference; fileEncoding = 4; lastKnownFileType = sourcecode.c.objc; path = CalculatorBrain.m; sourceTree = "<group>"; };
		D9D72EFF1640452B000BB9BE /* Calculator.app */ = {isa = PBXFileReference; explicitFileType = wrapper.application; includeInIndex = 0; path = Calculator.app; sourceTree = BUILT_PRODUCTS_DIR; };
		D9D72F031640452B000BB9BE /* UIKit.framework */ = {isa = PBXFileReference; lastKnownFileType = wrapper.framework; name = UIKit.framework; path = System/Library/Frameworks/UIKit.framework; sourceTree = SDKROOT; };
		D9D72F051640452B000BB9BE /* Foundation.framework */ = {isa = PBXFileReference; lastKnownFileType = wrapper.framework; name = Foundation.framework; path = System/Library/Frameworks/Foundation.framework; sourceTree = SDKROOT; };
		D9D72F071640452B000BB9BE /* CoreGraphics.framework */ = {isa = PBXFileReference; lastKnownFileType = wrapper.framework; name = CoreGraphics.framework; path = System/Library/Frameworks/CoreGraphics.framework; sourceTree = SDKROOT; };
		D9D72F0B1640452B000BB9BE /* Calculator-Info.plist */ = {isa = PBXFileReference; lastKnownFileType = text.plist.xml; path = "Calculator-Info.plist"; sourceTree = "<group>"; };
		D9D72F0D1640452B000BB9BE /* en */ = {isa = PBXFileReference; lastKnownFileType = text.plist.strings; name = en; path = en.lproj/InfoPlist.strings; sourceTree = "<group>"; };
		D9D72F0F1640452B000BB9BE /* main.m */ = {isa = PBXFileReference; lastKnownFileType = sourcecode.c.objc; path = main.m; sourceTree = "<group>"; };
		D9D72F111640452B000BB9BE /* Calculator-Prefix.pch */ = {isa = PBXFileReference; lastKnownFileType = sourcecode.c.h; path = "Calculator-Prefix.pch"; sourceTree = "<group>"; };
		D9D72F121640452B000BB9BE /* CalculatorAppDelegate.h */ = {isa = PBXFileReference; lastKnownFileType = sourcecode.c.h; path = CalculatorAppDelegate.h; sourceTree = "<group>"; };
		D9D72F131640452B000BB9BE /* CalculatorAppDelegate.m */ = {isa = PBXFileReference; lastKnownFileType = sourcecode.c.objc; path = CalculatorAppDelegate.m; sourceTree = "<group>"; };
		D9D72F161640452B000BB9BE /* en */ = {isa = PBXFileReference; lastKnownFileType = file.storyboard; name = en; path = en.lproj/MainStoryboard.storyboard; sourceTree = "<group>"; };
		D9D72F181640452B000BB9BE /* CalculatorViewController.h */ = {isa = PBXFileReference; lastKnownFileType = sourcecode.c.h; path = CalculatorViewController.h; sourceTree = "<group>"; };
		D9D72F191640452B000BB9BE /* CalculatorViewController.m */ = {isa = PBXFileReference; lastKnownFileType = sourcecode.c.objc; path = CalculatorViewController.m; sourceTree = "<group>"; };
/* End PBXFileReference section */

/* Begin PBXFrameworksBuildPhase section */
		D9D72EFC1640452A000BB9BE /* Frameworks */ = {
			isa = PBXFrameworksBuildPhase;
			buildActionMask = 2147483647;
			files = (
				D9D72F041640452B000BB9BE /* UIKit.framework in Frameworks */,
				D9D72F061640452B000BB9BE /* Foundation.framework in Frameworks */,
				D9D72F081640452B000BB9BE /* CoreGraphics.framework in Frameworks */,
			);
			runOnlyForDeploymentPostprocessing = 0;
		};
/* End PBXFrameworksBuildPhase section */

/* Begin PBXGroup section */
		D9D72EF41640452A000BB9BE = {
			isa = PBXGroup;
			children = (
				D9D72F091640452B000BB9BE /* Calculator */,
				D9D72F021640452B000BB9BE /* Frameworks */,
				D9D72F001640452B000BB9BE /* Products */,
			);
			sourceTree = "<group>";
		};
		D9D72F001640452B000BB9BE /* Products */ = {
			isa = PBXGroup;
			children = (
				D9D72EFF1640452B000BB9BE /* Calculator.app */,
			);
			name = Products;
			sourceTree = "<group>";
		};
		D9D72F021640452B000BB9BE /* Frameworks */ = {
			isa = PBXGroup;
			children = (
				D9D72F031640452B000BB9BE /* UIKit.framework */,
				D9D72F051640452B000BB9BE /* Foundation.framework */,
				D9D72F071640452B000BB9BE /* CoreGraphics.framework */,
			);
			name = Frameworks;
			sourceTree = "<group>";
		};
		D9D72F091640452B000BB9BE /* Calculator */ = {
			isa = PBXGroup;
			children = (
				D9D72F121640452B000BB9BE /* CalculatorAppDelegate.h */,
				D9D72F131640452B000BB9BE /* CalculatorAppDelegate.m */,
				D9D72F151640452B000BB9BE /* MainStoryboard.storyboard */,
				D9C8348D16406A4C00DC3611 /* CalculatorBrain.h */,
				D9C8348E16406A4C00DC3611 /* CalculatorBrain.m */,
				D9D72F181640452B000BB9BE /* CalculatorViewController.h */,
				D9D72F191640452B000BB9BE /* CalculatorViewController.m */,
				D9D72F0A1640452B000BB9BE /* Supporting Files */,
			);
			path = Calculator;
			sourceTree = "<group>";
		};
		D9D72F0A1640452B000BB9BE /* Supporting Files */ = {
			isa = PBXGroup;
			children = (
				D9D72F0B1640452B000BB9BE /* Calculator-Info.plist */,
				D9D72F0C1640452B000BB9BE /* InfoPlist.strings */,
				D9D72F0F1640452B000BB9BE /* main.m */,
				D9D72F111640452B000BB9BE /* Calculator-Prefix.pch */,
			);
			name = "Supporting Files";
			sourceTree = "<group>";
		};
/* End PBXGroup section */

/* Begin PBXNativeTarget section */
		D9D72EFE1640452A000BB9BE /* Calculator */ = {
			isa = PBXNativeTarget;
			buildConfigurationList = D9D72F1D1640452B000BB9BE /* Build configuration list for PBXNativeTarget "Calculator" */;
			buildPhases = (
				D9D72EFB1640452A000BB9BE /* Sources */,
				D9D72EFC1640452A000BB9BE /* Frameworks */,
				D9D72EFD1640452A000BB9BE /* Resources */,
			);
			buildRules = (
			);
			dependencies = (
			);
			name = Calculator;
			productName = Calculator;
			productReference = D9D72EFF1640452B000BB9BE /* Calculator.app */;
			productType = "com.apple.product-type.application";
		};
/* End PBXNativeTarget section */

/* Begin PBXProject section */
		D9D72EF61640452A000BB9BE /* Project object */ = {
			isa = PBXProject;
			attributes = {
				LastUpgradeCheck = 0420;
			};
			buildConfigurationList = D9D72EF91640452A000BB9BE /* Build configuration list for PBXProject "Calculator" */;
			compatibilityVersion = "Xcode 3.2";
			developmentRegion = English;
			hasScannedForEncodings = 0;
			knownRegions = (
				en,
			);
			mainGroup = D9D72EF41640452A000BB9BE;
			productRefGroup = D9D72F001640452B000BB9BE /* Products */;
			projectDirPath = "";
			projectRoot = "";
			targets = (
				D9D72EFE1640452A000BB9BE /* Calculator */,
			);
		};
/* End PBXProject section */

/* Begin PBXResourcesBuildPhase section */
		D9D72EFD1640452A000BB9BE /* Resources */ = {
			isa = PBXResourcesBuildPhase;
			buildActionMask = 2147483647;
			files = (
				D9D72F0E1640452B000BB9BE /* InfoPlist.strings in Resources */,
				D9D72F171640452B000BB9BE /* MainStoryboard.storyboard in Resources */,
			);
			runOnlyForDeploymentPostprocessing = 0;
		};
/* End PBXResourcesBuildPhase section */

/* Begin PBXSourcesBuildPhase section */
		D9D72EFB1640452A000BB9BE /* Sources */ = {
			isa = PBXSourcesBuildPhase;
			buildActionMask = 2147483647;
			files = (
				D9D72F101640452B000BB9BE /* main.m in Sources */,
				D9D72F141640452B000BB9BE /* CalculatorAppDelegate.m in Sources */,
				D9D72F1A1640452B000BB9BE /* CalculatorViewController.m in Sources */,
				D9C8348F16406A4C00DC3611 /* CalculatorBrain.m in Sources */,
			);
			runOnlyForDeploymentPostprocessing = 0;
		};
/* End PBXSourcesBuildPhase section */

/* Begin PBXVariantGroup section */
		D9D72F0C1640452B000BB9BE /* InfoPlist.strings */ = {
			isa = PBXVariantGroup;
			children = (
				D9D72F0D1640452B000BB9BE /* en */,
			);
			name = InfoPlist.strings;
			sourceTree = "<group>";
		};
		D9D72F151640452B000BB9BE /* MainStoryboard.storyboard */ = {
			isa = PBXVariantGroup;
			children = (
				D9D72F161640452B000BB9BE /* en */,
			);
			name = MainStoryboard.storyboard;
			sourceTree = "<group>";
		};
/* End PBXVariantGroup section */

/* Begin XCBuildConfiguration section */
		D9D72F1B1640452B000BB9BE /* Debug */ = {
			isa = XCBuildConfiguration;
			buildSettings = {
				ALWAYS_SEARCH_USER_PATHS = NO;
				ARCHS = "$(ARCHS_STANDARD_32_BIT)";
				CLANG_ENABLE_OBJC_ARC = YES;
				"CODE_SIGN_IDENTITY[sdk=iphoneos*]" = "iPhone Developer";
				COPY_PHASE_STRIP = NO;
				GCC_C_LANGUAGE_STANDARD = gnu99;
				GCC_DYNAMIC_NO_PIC = NO;
				GCC_OPTIMIZATION_LEVEL = 0;
				GCC_PREPROCESSOR_DEFINITIONS = (
					"DEBUG=1",
					"$(inherited)",
				);
				GCC_SYMBOLS_PRIVATE_EXTERN = NO;
				GCC_VERSION = com.apple.compilers.llvm.clang.1_0;
				GCC_WARN_ABOUT_MISSING_PROTOTYPES = YES;
				GCC_WARN_ABOUT_RETURN_TYPE = YES;
				GCC_WARN_UNUSED_VARIABLE = YES;
				IPHONEOS_DEPLOYMENT_TARGET = 5.0;
				SDKROOT = iphoneos;
			};
			name = Debug;
		};
		D9D72F1C1640452B000BB9BE /* Release */ = {
			isa = XCBuildConfiguration;
			buildSettings = {
				ALWAYS_SEARCH_USER_PATHS = NO;
				ARCHS = "$(ARCHS_STANDARD_32_BIT)";
				CLANG_ENABLE_OBJC_ARC = YES;
				"CODE_SIGN_IDENTITY[sdk=iphoneos*]" = "iPhone Developer";
				COPY_PHASE_STRIP = YES;
				GCC_C_LANGUAGE_STANDARD = gnu99;
				GCC_VERSION = com.apple.compilers.llvm.clang.1_0;
				GCC_WARN_ABOUT_MISSING_PROTOTYPES = YES;
				GCC_WARN_ABOUT_RETURN_TYPE = YES;
				GCC_WARN_UNUSED_VARIABLE = YES;
				IPHONEOS_DEPLOYMENT_TARGET = 5.0;
				OTHER_CFLAGS = "-DNS_BLOCK_ASSERTIONS=1";
				SDKROOT = iphoneos;
				VALIDATE_PRODUCT = YES;
			};
			name = Release;
		};
		D9D72F1E1640452B000BB9BE /* Debug */ = {
			isa = XCBuildConfiguration;
			buildSettings = {
				GCC_PRECOMPILE_PREFIX_HEADER = YES;
				GCC_PREFIX_HEADER = "Calculator/Calculator-Prefix.pch";
				INFOPLIST_FILE = "Calculator/Calculator-Info.plist";
				PRODUCT_NAME = "$(TARGET_NAME)";
				WRAPPER_EXTENSION = app;
			};
			name = Debug;
		};
		D9D72F1F1640452B000BB9BE /* Release */ = {
			isa = XCBuildConfiguration;
			buildSettings = {
				GCC_PRECOMPILE_PREFIX_HEADER = YES;
				GCC_PREFIX_HEADER = "Calculator/Calculator-Prefix.pch";
				INFOPLIST_FILE = "Calculator/Calculator-Info.plist";
				PRODUCT_NAME = "$(TARGET_NAME)";
				WRAPPER_EXTENSION = app;
			};
			name = Release;
		};
/* End XCBuildConfiguration section */

/* Begin XCConfigurationList section */
		D9D72EF91640452A000BB9BE /* Build configuration list for PBXProject "Calculator" */ = {
			isa = XCConfigurationList;
			buildConfigurations = (
				D9D72F1B1640452B000BB9BE /* Debug */,
				D9D72F1C1640452B000BB9BE /* Release */,
			);
			defaultConfigurationIsVisible = 0;
			defaultConfigurationName = Release;
		};
		D9D72F1D1640452B000BB9BE /* Build configuration list for PBXNativeTarget "Calculator" */ = {
			isa = XCConfigurationList;
			buildConfigurations = (
				D9D72F1E1640452B000BB9BE /* Debug */,
				D9D72F1F1640452B000BB9BE /* Release */,
			);
			defaultConfigurationIsVisible = 0;
			defaultConfigurationName = Release;
		};
/* End XCConfigurationList section */
	};
	rootObject = D9D72EF61640452A000BB9BE /* Project object */;
}
